{
  "requires": true,
  "lockfileVersion": 1,
  "dependencies": {
    "dom7": {
      "version": "3.0.0-alpha.7",
      "resolved": "https://registry.npmjs.org/dom7/-/dom7-3.0.0-alpha.7.tgz",
      "integrity": "sha512-3epkQPsKsbk2Dixqqgm2DT/KzhiAPByjDK7emu6owwFLbM5UoiqWKgdsH+6PpMEgoeR6Ex/bW1UbOe0FWZU0zg==",
      "requires": {
        "ssr-window": "^3.0.0-alpha.1"
      }
    },
    "object-assign": {
      "version": "4.1.1",
      "resolved": "https://registry.npmjs.org/object-assign/-/object-assign-4.1.1.tgz",
      "integrity": "sha1-IQmtx5ZYh8/AXLvUQsrIv7s2CGM="
    },
    "ssr-window": {
      "version": "3.0.0-alpha.4",
      "resolved": "https://registry.npmjs.org/ssr-window/-/ssr-window-3.0.0-alpha.4.tgz",
      "integrity": "sha512-+dBRP/pZ+VyITxTzD0lMDzDwN/BmfUl8xi2e6t5Nz4+FqUphfcBLB1OOUSYCRNFB25rD3c8AJRYpY5rHTbL+kg=="
    },
    "swiper": {
      "version": "6.0.3",
      "resolved": "https://registry.npmjs.org/swiper/-/swiper-6.0.3.tgz",
      "integrity": "sha512-XyVIhrdGUNKBpOQZ4dAFkzOlHyIJXHCk8I8WUP55zRimE7qZfgAOAKvTstnfFPolN/sLdY8dWBIvNSky3X5p5Q==",
      "requires": {
        "dom7": "^3.0.0-alpha.7",
        "ssr-window": "^3.0.0-alpha.4"
      }
    },
    "vue-awesome-swiper": {
      "version": "3.1.3",
      "resolved": "https://registry.npmjs.org/vue-awesome-swiper/-/vue-awesome-swiper-3.1.3.tgz",
      "integrity": "sha512-E7suzkyApO8vNZbgdEnjSmnpsmQZyRvSVXJ7sey3XYwKPOkLhH3+GnHroBw+5PZIQXvWBwdCeQsPG1xQ1r1Rhg==",
      "requires": {
        "object-assign": "^4.1.1",
        "swiper": "^4.0.7"
      },
      "dependencies": {
        "dom7": {
          "version": "2.1.5",
          "resolved": "https://registry.npmjs.org/dom7/-/dom7-2.1.5.tgz",
          "integrity": "sha512-xnhwVgyOh3eD++/XGtH+5qBwYTgCm0aW91GFgPJ3XG+jlsRLyJivnbP0QmUBFhI+Oaz9FV0s7cxgXHezwOEBYA==",
          "requires": {
            "ssr-window": "^2.0.0"
          },
          "dependencies": {
            "ssr-window": {
              "version": "2.0.0",
              "resolved": "https://registry.npmjs.org/ssr-window/-/ssr-window-2.0.0.tgz",
              "integrity": "sha512-NXzN+/HPObKAx191H3zKlYomE5WrVIkoCB5IaSdvKokxTpjBdWfr0RaP+1Z5KOfDT0ZVz+2tdtiBkhsEQ9p+0A=="
            }
          }
        },
        "ssr-window": {
          "version": "1.0.1",
          "resolved": "https://registry.npmjs.org/ssr-window/-/ssr-window-1.0.1.tgz",
          "integrity": "sha512-dgFqB+f00LJTEgb6UXhx0h+SrG50LJvti2yMKMqAgzfUmUXZrLSv2fjULF7AWGwK25EXu8+smLR3jYsJQChPsg=="
        },
        "swiper": {
          "version": "4.5.1",
          "resolved": "https://registry.npmjs.org/swiper/-/swiper-4.5.1.tgz",
          "integrity": "sha512-se6I7PWWu950NAMXXT+ENtF/6SVb8mPyO+bTfNxbQBILSeLqsYp3Ndap+YOA0EczOIUlea274PKejT6gKZDseA==",
          "requires": {
            "dom7": "^2.1.3",
            "ssr-window": "^1.0.1"
          }
        }
      }
    }
  }
}
